
Microsoft Visual Studio Solution File, Format Version 12.00
# Visual Studio 14
VisualStudioVersion = 14.0.25420.1
MinimumVisualStudioVersion = 10.0.40219.1
Project("{FAE04EC0-301F-11D3-BF4B-00C04F79EFBC}") = "BookStore.DAL", "BookStore.DAL\BookStore.DAL.csproj", "{1AAAA3C7-12FF-41C5-99C0-88633D3CA77E}"
EndProject
Project("{FAE04EC0-301F-11D3-BF4B-00C04F79EFBC}") = "BookStore.Entities", "BookStore.BussinessObjects\BookStore.Entities.csproj", "{0FD5D93D-B884-44ED-ADD6-CE21E004F8E7}"
EndProject
Project("{FAE04EC0-301F-11D3-BF4B-00C04F79EFBC}") = "BookStore.Contracts", "BookStore.Contracts\BookStore.Contracts.csproj", "{AF3AB0C6-F634-4AB4-A9A0-96FE3FA588CF}"
EndProject
Project("{FAE04EC0-301F-11D3-BF4B-00C04F79EFBC}") = "BookStore.BLL", "BookStore.BLL\BookStore.BLL.csproj", "{BB6D106C-8D55-4160-A561-692EF28197D2}"
EndProject
Project("{FAE04EC0-301F-11D3-BF4B-00C04F79EFBC}") = "BookStore.BLL.Test", "BookStore.BLL.Test\BookStore.BLL.Test.csproj", "{A13CF094-D6EB-485F-9DD0-32CC1D220A87}"
EndProject
Project("{FAE04EC0-301F-11D3-BF4B-00C04F79EFBC}") = "BookStore.Common", "BookStore.Core\BookStore.Common.csproj", "{BC73987E-CB0F-4F60-80C2-FD369E3EA074}"
EndProject
Project("{FAE04EC0-301F-11D3-BF4B-00C04F79EFBC}") = "BookStore.WebApi", "BookStore.WebApi\BookStore.WebApi.csproj", "{CC43920E-38E8-4FDE-B4BF-E132FEF2DDE2}"
EndProject
Project("{2150E333-8FDC-42A3-9474-1A3956D46DE8}") = "Test", "Test", "{3B913871-CC8C-4F4D-88B7-579B55EDCCCD}"
EndProject
Project("{FAE04EC0-301F-11D3-BF4B-00C04F79EFBC}") = "BookStore.Entities.Mock", "BookStore.Entities.Fake\BookStore.Entities.Mock.csproj", "{BC971451-8FCB-4E91-B149-5B35C964D623}"
EndProject
Project("{FAE04EC0-301F-11D3-BF4B-00C04F79EFBC}") = "BookStoreRepository.Test", "BookStoreRepository.Test\BookStoreRepository.Test.csproj", "{A5FF3248-BE80-4F61-B75A-47E7E9EBA223}"
EndProject
Project("{FAE04EC0-301F-11D3-BF4B-00C04F79EFBC}") = "BookStore.MVC", "BookStore.MVC\BookStore.MVC.csproj", "{A65BBC54-552A-4196-AF3A-30DF515FBCFA}"
EndProject
Project("{FAE04EC0-301F-11D3-BF4B-00C04F79EFBC}") = "BookStore.MVC.Test", "BookStore.MVC.Test\BookStore.MVC.Test.csproj", "{6057893A-0629-4709-8A18-DD7D61DCA4E2}"
EndProject
Project("{FAE04EC0-301F-11D3-BF4B-00C04F79EFBC}") = "BookStore.Services", "BookStore.Services\BookStore.Services.csproj", "{A96489C9-2062-4839-A49F-A54D07354EC5}"
EndProject
Global
	GlobalSection(SolutionConfigurationPlatforms) = preSolution
		Debug|Any CPU = Debug|Any CPU
		Release|Any CPU = Release|Any CPU
	EndGlobalSection
	GlobalSection(ProjectConfigurationPlatforms) = postSolution
		{1AAAA3C7-12FF-41C5-99C0-88633D3CA77E}.Debug|Any CPU.ActiveCfg = Debug|Any CPU
		{1AAAA3C7-12FF-41C5-99C0-88633D3CA77E}.Debug|Any CPU.Build.0 = Debug|Any CPU
		{1AAAA3C7-12FF-41C5-99C0-88633D3CA77E}.Release|Any CPU.ActiveCfg = Release|Any CPU
		{1AAAA3C7-12FF-41C5-99C0-88633D3CA77E}.Release|Any CPU.Build.0 = Release|Any CPU
		{0FD5D93D-B884-44ED-ADD6-CE21E004F8E7}.Debug|Any CPU.ActiveCfg = Debug|Any CPU
		{0FD5D93D-B884-44ED-ADD6-CE21E004F8E7}.Debug|Any CPU.Build.0 = Debug|Any CPU
		{0FD5D93D-B884-44ED-ADD6-CE21E004F8E7}.Release|Any CPU.ActiveCfg = Release|Any CPU
		{0FD5D93D-B884-44ED-ADD6-CE21E004F8E7}.Release|Any CPU.Build.0 = Release|Any CPU
		{AF3AB0C6-F634-4AB4-A9A0-96FE3FA588CF}.Debug|Any CPU.ActiveCfg = Debug|Any CPU
		{AF3AB0C6-F634-4AB4-A9A0-96FE3FA588CF}.Debug|Any CPU.Build.0 = Debug|Any CPU
		{AF3AB0C6-F634-4AB4-A9A0-96FE3FA588CF}.Release|Any CPU.ActiveCfg = Release|Any CPU
		{AF3AB0C6-F634-4AB4-A9A0-96FE3FA588CF}.Release|Any CPU.Build.0 = Release|Any CPU
		{BB6D106C-8D55-4160-A561-692EF28197D2}.Debug|Any CPU.ActiveCfg = Debug|Any CPU
		{BB6D106C-8D55-4160-A561-692EF28197D2}.Debug|Any CPU.Build.0 = Debug|Any CPU
		{BB6D106C-8D55-4160-A561-692EF28197D2}.Release|Any CPU.ActiveCfg = Release|Any CPU
		{BB6D106C-8D55-4160-A561-692EF28197D2}.Release|Any CPU.Build.0 = Release|Any CPU
		{A13CF094-D6EB-485F-9DD0-32CC1D220A87}.Debug|Any CPU.ActiveCfg = Debug|Any CPU
		{A13CF094-D6EB-485F-9DD0-32CC1D220A87}.Debug|Any CPU.Build.0 = Debug|Any CPU
		{A13CF094-D6EB-485F-9DD0-32CC1D220A87}.Release|Any CPU.ActiveCfg = Release|Any CPU
		{A13CF094-D6EB-485F-9DD0-32CC1D220A87}.Release|Any CPU.Build.0 = Release|Any CPU
		{BC73987E-CB0F-4F60-80C2-FD369E3EA074}.Debug|Any CPU.ActiveCfg = Debug|Any CPU
		{BC73987E-CB0F-4F60-80C2-FD369E3EA074}.Debug|Any CPU.Build.0 = Debug|Any CPU
		{BC73987E-CB0F-4F60-80C2-FD369E3EA074}.Release|Any CPU.ActiveCfg = Release|Any CPU
		{BC73987E-CB0F-4F60-80C2-FD369E3EA074}.Release|Any CPU.Build.0 = Release|Any CPU
		{CC43920E-38E8-4FDE-B4BF-E132FEF2DDE2}.Debug|Any CPU.ActiveCfg = Debug|Any CPU
		{CC43920E-38E8-4FDE-B4BF-E132FEF2DDE2}.Debug|Any CPU.Build.0 = Debug|Any CPU
		{CC43920E-38E8-4FDE-B4BF-E132FEF2DDE2}.Release|Any CPU.ActiveCfg = Release|Any CPU
		{CC43920E-38E8-4FDE-B4BF-E132FEF2DDE2}.Release|Any CPU.Build.0 = Release|Any CPU
		{BC971451-8FCB-4E91-B149-5B35C964D623}.Debug|Any CPU.ActiveCfg = Debug|Any CPU
		{BC971451-8FCB-4E91-B149-5B35C964D623}.Debug|Any CPU.Build.0 = Debug|Any CPU
		{BC971451-8FCB-4E91-B149-5B35C964D623}.Release|Any CPU.ActiveCfg = Release|Any CPU
		{BC971451-8FCB-4E91-B149-5B35C964D623}.Release|Any CPU.Build.0 = Release|Any CPU
		{A5FF3248-BE80-4F61-B75A-47E7E9EBA223}.Debug|Any CPU.ActiveCfg = Debug|Any CPU
		{A5FF3248-BE80-4F61-B75A-47E7E9EBA223}.Debug|Any CPU.Build.0 = Debug|Any CPU
		{A5FF3248-BE80-4F61-B75A-47E7E9EBA223}.Release|Any CPU.ActiveCfg = Release|Any CPU
		{A5FF3248-BE80-4F61-B75A-47E7E9EBA223}.Release|Any CPU.Build.0 = Release|Any CPU
		{A65BBC54-552A-4196-AF3A-30DF515FBCFA}.Debug|Any CPU.ActiveCfg = Debug|Any CPU
		{A65BBC54-552A-4196-AF3A-30DF515FBCFA}.Debug|Any CPU.Build.0 = Debug|Any CPU
		{A65BBC54-552A-4196-AF3A-30DF515FBCFA}.Release|Any CPU.ActiveCfg = Release|Any CPU
		{A65BBC54-552A-4196-AF3A-30DF515FBCFA}.Release|Any CPU.Build.0 = Release|Any CPU
		{6057893A-0629-4709-8A18-DD7D61DCA4E2}.Debug|Any CPU.ActiveCfg = Debug|Any CPU
		{6057893A-0629-4709-8A18-DD7D61DCA4E2}.Debug|Any CPU.Build.0 = Debug|Any CPU
		{6057893A-0629-4709-8A18-DD7D61DCA4E2}.Release|Any CPU.ActiveCfg = Release|Any CPU
		{6057893A-0629-4709-8A18-DD7D61DCA4E2}.Release|Any CPU.Build.0 = Release|Any CPU
		{A96489C9-2062-4839-A49F-A54D07354EC5}.Debug|Any CPU.ActiveCfg = Debug|Any CPU
		{A96489C9-2062-4839-A49F-A54D07354EC5}.Debug|Any CPU.Build.0 = Debug|Any CPU
		{A96489C9-2062-4839-A49F-A54D07354EC5}.Release|Any CPU.ActiveCfg = Release|Any CPU
		{A96489C9-2062-4839-A49F-A54D07354EC5}.Release|Any CPU.Build.0 = Release|Any CPU
	EndGlobalSection
	GlobalSection(SolutionProperties) = preSolution
		HideSolutionNode = FALSE
	EndGlobalSection
	GlobalSection(NestedProjects) = preSolution
		{A13CF094-D6EB-485F-9DD0-32CC1D220A87} = {3B913871-CC8C-4F4D-88B7-579B55EDCCCD}
		{BC971451-8FCB-4E91-B149-5B35C964D623} = {3B913871-CC8C-4F4D-88B7-579B55EDCCCD}
		{A5FF3248-BE80-4F61-B75A-47E7E9EBA223} = {3B913871-CC8C-4F4D-88B7-579B55EDCCCD}
		{6057893A-0629-4709-8A18-DD7D61DCA4E2} = {3B913871-CC8C-4F4D-88B7-579B55EDCCCD}
	EndGlobalSection
EndGlobal
